
Microsoft Visual Studio Solution File, Format Version 12.00
# Visual Studio 15
VisualStudioVersion = 15.0.28307.1800
MinimumVisualStudioVersion = 10.0.40219.1
Project("{FAE04EC0-301F-11D3-BF4B-00C04F79EFBC}") = "OOP Project HMS", "OOP Project HMS.csproj", "{3AACF6D5-F874-4598-B250-C1B60039B5A3}"
EndProject
Global
	GlobalSection(SolutionConfigurationPlatforms) = preSolution
		Debug|Any CPU = Debug|Any CPU
		Release|Any CPU = Release|Any CPU
	EndGlobalSection
	GlobalSection(ProjectConfigurationPlatforms) = postSolution
		{3AACF6D5-F874-4598-B250-C1B60039B5A3}.Debug|Any CPU.ActiveCfg = Debug|Any CPU
		{3AACF6D5-F874-4598-B250-C1B60039B5A3}.Debug|Any CPU.Build.0 = Debug|Any CPU
		{3AACF6D5-F874-4598-B250-C1B60039B5A3}.Release|Any CPU.ActiveCfg = Release|Any CPU
		{3AACF6D5-F874-4598-B250-C1B60039B5A3}.Release|Any CPU.Build.0 = Release|Any CPU
	EndGlobalSection
	GlobalSection(SolutionProperties) = preSolution
		HideSolutionNode = FALSE
	EndGlobalSection
	GlobalSection(ExtensibilityGlobals) = postSolution
		SolutionGuid = {C259C3D1-FFAF-4B67-9A35-169BC1B74D8E}
	EndGlobalSection
EndGlobal
